// !$*UTF8*$!
{
	archiveVersion = 1;
	classes = {
	};
	objectVersion = 46;
	objects = {

/* Begin PBXBuildFile section */
		A7792D4BEFD60CB255C8CCD1 /* libPods-March_thirtyOne_Talk项目.a in Frameworks */ = {isa = PBXBuildFile; fileRef = 4113C209B4D91036187592B2 /* libPods-March_thirtyOne_Talk项目.a */; };
		BF0624E21E96761B001C77F5 /* UIImage+Image.m in Sources */ = {isa = PBXBuildFile; fileRef = BF0624E11E96761B001C77F5 /* UIImage+Image.m */; };
		BF0624E71E969809001C77F5 /* NJTableViewCell.m in Sources */ = {isa = PBXBuildFile; fileRef = BF0624E51E969809001C77F5 /* NJTableViewCell.m */; };
		BF0624ED1E969D1C001C77F5 /* NJTableViewCell.xib in Resources */ = {isa = PBXBuildFile; fileRef = BF0624EC1E969D1C001C77F5 /* NJTableViewCell.xib */; };
		BF2F11761E99E3CA00C1FE7E /* NSDictionary+NJDictionaryWithModel.m in Sources */ = {isa = PBXBuildFile; fileRef = BF2F11751E99E3CA00C1FE7E /* NSDictionary+NJDictionaryWithModel.m */; };
		BF2F11791E99E47900C1FE7E /* NSArray+NJDictionaryArrWithModelArr.m in Sources */ = {isa = PBXBuildFile; fileRef = BF2F11781E99E47900C1FE7E /* NSArray+NJDictionaryArrWithModelArr.m */; };
		BF2F117C1E99EEFA00C1FE7E /* NJSexTextF.m in Sources */ = {isa = PBXBuildFile; fileRef = BF2F117B1E99EEFA00C1FE7E /* NJSexTextF.m */; };
		BF2F11911E9A52C800C1FE7E /* NSString+NJMD5String.m in Sources */ = {isa = PBXBuildFile; fileRef = BF2F11901E9A52C800C1FE7E /* NSString+NJMD5String.m */; };
		BF3203E81E9720FF00BD3AEA /* NJInfo.m in Sources */ = {isa = PBXBuildFile; fileRef = BF3203E71E9720FF00BD3AEA /* NJInfo.m */; };
		BF32040C1E97219A00BD3AEA /* userInformation.plist in Resources */ = {isa = PBXBuildFile; fileRef = BF32040B1E97219A00BD3AEA /* userInformation.plist */; };
		BF3B0F8B1EA7036500350216 /* NJLoginViewController.xib in Resources */ = {isa = PBXBuildFile; fileRef = BF3B0F8A1EA7036500350216 /* NJLoginViewController.xib */; };
		BF7205161E94D9A3004F21C0 /* NJFriendsViewController.m in Sources */ = {isa = PBXBuildFile; fileRef = BF7205141E94D9A3004F21C0 /* NJFriendsViewController.m */; };
		BF7205171E94D9A3004F21C0 /* NJFriendsViewController.xib in Resources */ = {isa = PBXBuildFile; fileRef = BF7205151E94D9A3004F21C0 /* NJFriendsViewController.xib */; };
		BF72052C1E9514E2004F21C0 /* NJBirthdayVC.m in Sources */ = {isa = PBXBuildFile; fileRef = BF72052A1E9514E2004F21C0 /* NJBirthdayVC.m */; };
		BF72052D1E9514E2004F21C0 /* NJBirthdayVC.xib in Resources */ = {isa = PBXBuildFile; fileRef = BF72052B1E9514E2004F21C0 /* NJBirthdayVC.xib */; };
		BF879CCA1EA8B8F500E34A6A /* NJIconViewController.m in Sources */ = {isa = PBXBuildFile; fileRef = BF879CC51EA8B8F500E34A6A /* NJIconViewController.m */; };
		BF879CCB1EA8B8F500E34A6A /* NJIconViewController.xib in Resources */ = {isa = PBXBuildFile; fileRef = BF879CC91EA8B8F500E34A6A /* NJIconViewController.xib */; };
		BF879CD61EA9019F00E34A6A /* Assets.xcassets in Resources */ = {isa = PBXBuildFile; fileRef = BF879CD51EA9019F00E34A6A /* Assets.xcassets */; };
		BF879CDF1EA9073C00E34A6A /* NJShowIconViewController.m in Sources */ = {isa = PBXBuildFile; fileRef = BF879CDD1EA9073C00E34A6A /* NJShowIconViewController.m */; };
		BF879CE01EA9073C00E34A6A /* NJShowIconViewController.xib in Resources */ = {isa = PBXBuildFile; fileRef = BF879CDE1EA9073C00E34A6A /* NJShowIconViewController.xib */; };
		BF879CE21EA90B3D00E34A6A /* iconName.plist in Resources */ = {isa = PBXBuildFile; fileRef = BF879CE11EA90B3D00E34A6A /* iconName.plist */; };
		BF93CEE01E8E99E400EE73F0 /* main.m in Sources */ = {isa = PBXBuildFile; fileRef = BF93CEDF1E8E99E400EE73F0 /* main.m */; };
		BF93CEE31E8E99E400EE73F0 /* AppDelegate.m in Sources */ = {isa = PBXBuildFile; fileRef = BF93CEE21E8E99E400EE73F0 /* AppDelegate.m */; };
		BF93CEE91E8E99E400EE73F0 /* Main.storyboard in Resources */ = {isa = PBXBuildFile; fileRef = BF93CEE71E8E99E400EE73F0 /* Main.storyboard */; };
		BF93CEEE1E8E99E400EE73F0 /* LaunchScreen.storyboard in Resources */ = {isa = PBXBuildFile; fileRef = BF93CEEC1E8E99E400EE73F0 /* LaunchScreen.storyboard */; };
		BF93CF051E8E9D3300EE73F0 /* NJLoginViewController.m in Sources */ = {isa = PBXBuildFile; fileRef = BF93CF021E8E9D3300EE73F0 /* NJLoginViewController.m */; };
		BF98EB761EA9A700002CE71D /* NJServiceTermViewController.m in Sources */ = {isa = PBXBuildFile; fileRef = BF98EB741EA9A700002CE71D /* NJServiceTermViewController.m */; };
		BF98EB771EA9A700002CE71D /* NJServiceTermViewController.xib in Resources */ = {isa = PBXBuildFile; fileRef = BF98EB751EA9A700002CE71D /* NJServiceTermViewController.xib */; };
		BF98EB801EA9AAC6002CE71D /* NJForgetPwdViewController.m in Sources */ = {isa = PBXBuildFile; fileRef = BF98EB7E1EA9AAC6002CE71D /* NJForgetPwdViewController.m */; };
		BF98EB811EA9AAC6002CE71D /* NJForgetPwdViewController.xib in Resources */ = {isa = PBXBuildFile; fileRef = BF98EB7F1EA9AAC6002CE71D /* NJForgetPwdViewController.xib */; };
		BF98EB841EA9AE2D002CE71D /* NSString+NJRegex.m in Sources */ = {isa = PBXBuildFile; fileRef = BF98EB831EA9AE2D002CE71D /* NSString+NJRegex.m */; };
		BFA0C6701E9894D3007782BB /* NJCommunicationVC.m in Sources */ = {isa = PBXBuildFile; fileRef = BFA0C66F1E9894D3007782BB /* NJCommunicationVC.m */; };
		BFA0C6721E9894DC007782BB /* NJCommunicationVC.xib in Resources */ = {isa = PBXBuildFile; fileRef = BFA0C6711E9894DC007782BB /* NJCommunicationVC.xib */; };
		BFA0C6931E98975D007782BB /* NJRegisterVC.m in Sources */ = {isa = PBXBuildFile; fileRef = BFA0C68D1E98975D007782BB /* NJRegisterVC.m */; };
		BFA0C6941E98975D007782BB /* sex.plist in Resources */ = {isa = PBXBuildFile; fileRef = BFA0C6901E98975D007782BB /* sex.plist */; };
		BFA0C6951E98975D007782BB /* NJRegisterVC.xib in Resources */ = {isa = PBXBuildFile; fileRef = BFA0C6921E98975D007782BB /* NJRegisterVC.xib */; };
		BFA0C69F1E9898B8007782BB /* NSString+NJTextSize.m in Sources */ = {isa = PBXBuildFile; fileRef = BFA0C69E1E9898B8007782BB /* NSString+NJTextSize.m */; };
		BFA0C6A21E9898D6007782BB /* NJMessage.m in Sources */ = {isa = PBXBuildFile; fileRef = BFA0C6A11E9898D6007782BB /* NJMessage.m */; };
		BFA0C6A51E989904007782BB /* NJMessageFrame.m in Sources */ = {isa = PBXBuildFile; fileRef = BFA0C6A41E989904007782BB /* NJMessageFrame.m */; };
		BFA0C6A91E9899D9007782BB /* FlockMessages.plist in Resources */ = {isa = PBXBuildFile; fileRef = BFA0C6A71E9899D9007782BB /* FlockMessages.plist */; };
		BFA0C6AD1E98A086007782BB /* NJMessageCell.m in Sources */ = {isa = PBXBuildFile; fileRef = BFA0C6AC1E98A086007782BB /* NJMessageCell.m */; };
		BFA0C6B31E98B664007782BB /* UIImageView+NJImageRound.m in Sources */ = {isa = PBXBuildFile; fileRef = BFA0C6B21E98B664007782BB /* UIImageView+NJImageRound.m */; };
		BFA0C6B61E98BD45007782BB /* UIImage+NJResize.m in Sources */ = {isa = PBXBuildFile; fileRef = BFA0C6B51E98BD45007782BB /* UIImage+NJResize.m */; };
		BFB5FFC91EA5CECF008DE32F /* NJUserInfoVC.xib in Resources */ = {isa = PBXBuildFile; fileRef = BFB5FFC81EA5CECF008DE32F /* NJUserInfoVC.xib */; };
		BFB5FFCB1EA64821008DE32F /* backgroundOptions.plist in Resources */ = {isa = PBXBuildFile; fileRef = BFB5FFCA1EA64821008DE32F /* backgroundOptions.plist */; };
		BFB5FFCF1EA64ACB008DE32F /* NJSetterTableViewCell.m in Sources */ = {isa = PBXBuildFile; fileRef = BFB5FFCD1EA64ACB008DE32F /* NJSetterTableViewCell.m */; };
		BFB5FFD01EA64ACB008DE32F /* NJSetterTableViewCell.xib in Resources */ = {isa = PBXBuildFile; fileRef = BFB5FFCE1EA64ACB008DE32F /* NJSetterTableViewCell.xib */; };
		BFB5FFD51EA64F26008DE32F /* NJOption.m in Sources */ = {isa = PBXBuildFile; fileRef = BFB5FFD41EA64F26008DE32F /* NJOption.m */; };
		BFC69A161EA3BADE001E2E6B /* NJTool.m in Sources */ = {isa = PBXBuildFile; fileRef = BFC69A151EA3BADE001E2E6B /* NJTool.m */; };
		BFC69A1A1EA3BD11001E2E6B /* NSString+NJMD5String.m in Sources */ = {isa = PBXBuildFile; fileRef = BFC69A191EA3BD11001E2E6B /* NSString+NJMD5String.m */; };
		BFD4B4871ECADFFE00D5ABB4 /* Images.plist in Resources */ = {isa = PBXBuildFile; fileRef = BFD4B4861ECADFFE00D5ABB4 /* Images.plist */; };
		BFFBF6351E8F9B3C008E0C4D /* NJUserInfoVC.m in Sources */ = {isa = PBXBuildFile; fileRef = BFFBF6331E8F9B3C008E0C4D /* NJUserInfoVC.m */; };
/* End PBXBuildFile section */

/* Begin PBXFileReference section */
		40D34D94B99A4219EF2F19E2 /* Pods-March_thirtyOne_Talk项目.debug.xcconfig */ = {isa = PBXFileReference; includeInIndex = 1; lastKnownFileType = text.xcconfig; name = "Pods-March_thirtyOne_Talk项目.debug.xcconfig"; path = "Pods/Target Support Files/Pods-March_thirtyOne_Talk项目/Pods-March_thirtyOne_Talk项目.debug.xcconfig"; sourceTree = "<group>"; };
		4113C209B4D91036187592B2 /* libPods-March_thirtyOne_Talk项目.a */ = {isa = PBXFileReference; explicitFileType = archive.ar; includeInIndex = 0; path = "libPods-March_thirtyOne_Talk项目.a"; sourceTree = BUILT_PRODUCTS_DIR; };
		6DF597C9E698A544766C2484 /* Pods-March_thirtyOne_Talk项目.release.xcconfig */ = {isa = PBXFileReference; includeInIndex = 1; lastKnownFileType = text.xcconfig; name = "Pods-March_thirtyOne_Talk项目.release.xcconfig"; path = "Pods/Target Support Files/Pods-March_thirtyOne_Talk项目/Pods-March_thirtyOne_Talk项目.release.xcconfig"; sourceTree = "<group>"; };
		BF0624E01E96761B001C77F5 /* UIImage+Image.h */ = {isa = PBXFileReference; fileEncoding = 4; lastKnownFileType = sourcecode.c.h; path = "UIImage+Image.h"; sourceTree = "<group>"; };
		BF0624E11E96761B001C77F5 /* UIImage+Image.m */ = {isa = PBXFileReference; fileEncoding = 4; lastKnownFileType = sourcecode.c.objc; path = "UIImage+Image.m"; sourceTree = "<group>"; };
		BF0624E41E969809001C77F5 /* NJTableViewCell.h */ = {isa = PBXFileReference; fileEncoding = 4; lastKnownFileType = sourcecode.c.h; path = NJTableViewCell.h; sourceTree = "<group>"; };
		BF0624E51E969809001C77F5 /* NJTableViewCell.m */ = {isa = PBXFileReference; fileEncoding = 4; lastKnownFileType = sourcecode.c.objc; path = NJTableViewCell.m; sourceTree = "<group>"; };
		BF0624EC1E969D1C001C77F5 /* NJTableViewCell.xib */ = {isa = PBXFileReference; fileEncoding = 4; lastKnownFileType = file.xib; path = NJTableViewCell.xib; sourceTree = "<group>"; };
		BF2F11741E99E3CA00C1FE7E /* NSDictionary+NJDictionaryWithModel.h */ = {isa = PBXFileReference; fileEncoding = 4; lastKnownFileType = sourcecode.c.h; path = "NSDictionary+NJDictionaryWithModel.h"; sourceTree = "<group>"; };
		BF2F11751E99E3CA00C1FE7E /* NSDictionary+NJDictionaryWithModel.m */ = {isa = PBXFileReference; fileEncoding = 4; lastKnownFileType = sourcecode.c.objc; path = "NSDictionary+NJDictionaryWithModel.m"; sourceTree = "<group>"; };
		BF2F11771E99E47900C1FE7E /* NSArray+NJDictionaryArrWithModelArr.h */ = {isa = PBXFileReference; fileEncoding = 4; lastKnownFileType = sourcecode.c.h; path = "NSArray+NJDictionaryArrWithModelArr.h"; sourceTree = "<group>"; };
		BF2F11781E99E47900C1FE7E /* NSArray+NJDictionaryArrWithModelArr.m */ = {isa = PBXFileReference; fileEncoding = 4; lastKnownFileType = sourcecode.c.objc; path = "NSArray+NJDictionaryArrWithModelArr.m"; sourceTree = "<group>"; };
		BF2F117A1E99EEFA00C1FE7E /* NJSexTextF.h */ = {isa = PBXFileReference; fileEncoding = 4; lastKnownFileType = sourcecode.c.h; path = NJSexTextF.h; sourceTree = "<group>"; };
		BF2F117B1E99EEFA00C1FE7E /* NJSexTextF.m */ = {isa = PBXFileReference; fileEncoding = 4; lastKnownFileType = sourcecode.c.objc; path = NJSexTextF.m; sourceTree = "<group>"; };
		BF2F118F1E9A52C800C1FE7E /* NSString+NJMD5String.h */ = {isa = PBXFileReference; fileEncoding = 4; lastKnownFileType = sourcecode.c.h; path = "NSString+NJMD5String.h"; sourceTree = "<group>"; };
		BF2F11901E9A52C800C1FE7E /* NSString+NJMD5String.m */ = {isa = PBXFileReference; fileEncoding = 4; lastKnownFileType = sourcecode.c.objc; path = "NSString+NJMD5String.m"; sourceTree = "<group>"; };
		BF3203E61E9720FF00BD3AEA /* NJInfo.h */ = {isa = PBXFileReference; fileEncoding = 4; lastKnownFileType = sourcecode.c.h; path = NJInfo.h; sourceTree = "<group>"; };
		BF3203E71E9720FF00BD3AEA /* NJInfo.m */ = {isa = PBXFileReference; fileEncoding = 4; lastKnownFileType = sourcecode.c.objc; path = NJInfo.m; sourceTree = "<group>"; };
		BF32040B1E97219A00BD3AEA /* userInformation.plist */ = {isa = PBXFileReference; fileEncoding = 4; lastKnownFileType = text.plist.xml; path = userInformation.plist; sourceTree = "<group>"; };
		BF3B0F8A1EA7036500350216 /* NJLoginViewController.xib */ = {isa = PBXFileReference; fileEncoding = 4; lastKnownFileType = file.xib; path = NJLoginViewController.xib; sourceTree = "<group>"; };
		BF7205131E94D9A3004F21C0 /* NJFriendsViewController.h */ = {isa = PBXFileReference; fileEncoding = 4; lastKnownFileType = sourcecode.c.h; path = NJFriendsViewController.h; sourceTree = "<group>"; };
		BF7205141E94D9A3004F21C0 /* NJFriendsViewController.m */ = {isa = PBXFileReference; fileEncoding = 4; lastKnownFileType = sourcecode.c.objc; path = NJFriendsViewController.m; sourceTree = "<group>"; };
		BF7205151E94D9A3004F21C0 /* NJFriendsViewController.xib */ = {isa = PBXFileReference; fileEncoding = 4; lastKnownFileType = file.xib; name = NJFriendsViewController.xib; path = ../Controllers/NJFriendsViewController.xib; sourceTree = "<group>"; };
		BF7205291E9514E2004F21C0 /* NJBirthdayVC.h */ = {isa = PBXFileReference; fileEncoding = 4; lastKnownFileType = sourcecode.c.h; path = NJBirthdayVC.h; sourceTree = "<group>"; };
		BF72052A1E9514E2004F21C0 /* NJBirthdayVC.m */ = {isa = PBXFileReference; fileEncoding = 4; lastKnownFileType = sourcecode.c.objc; path = NJBirthdayVC.m; sourceTree = "<group>"; };
		BF72052B1E9514E2004F21C0 /* NJBirthdayVC.xib */ = {isa = PBXFileReference; fileEncoding = 4; lastKnownFileType = file.xib; name = NJBirthdayVC.xib; path = ../Controllers/NJBirthdayVC.xib; sourceTree = "<group>"; };
		BF72052E1E953801004F21C0 /* NJBirthdayVCDelegate.h */ = {isa = PBXFileReference; fileEncoding = 4; lastKnownFileType = sourcecode.c.h; path = NJBirthdayVCDelegate.h; sourceTree = "<group>"; };
		BF879CC41EA8B8F500E34A6A /* NJIconViewController.h */ = {isa = PBXFileReference; fileEncoding = 4; lastKnownFileType = sourcecode.c.h; path = NJIconViewController.h; sourceTree = "<group>"; };
		BF879CC51EA8B8F500E34A6A /* NJIconViewController.m */ = {isa = PBXFileReference; fileEncoding = 4; lastKnownFileType = sourcecode.c.objc; path = NJIconViewController.m; sourceTree = "<group>"; };
		BF879CC91EA8B8F500E34A6A /* NJIconViewController.xib */ = {isa = PBXFileReference; fileEncoding = 4; lastKnownFileType = file.xib; path = NJIconViewController.xib; sourceTree = "<group>"; };
		BF879CD51EA9019F00E34A6A /* Assets.xcassets */ = {isa = PBXFileReference; lastKnownFileType = folder.assetcatalog; path = Assets.xcassets; sourceTree = "<group>"; };
		BF879CDC1EA9073C00E34A6A /* NJShowIconViewController.h */ = {isa = PBXFileReference; fileEncoding = 4; lastKnownFileType = sourcecode.c.h; name = NJShowIconViewController.h; path = ../Models/NJShowIconViewController.h; sourceTree = "<group>"; };
		BF879CDD1EA9073C00E34A6A /* NJShowIconViewController.m */ = {isa = PBXFileReference; fileEncoding = 4; lastKnownFileType = sourcecode.c.objc; name = NJShowIconViewController.m; path = ../Models/NJShowIconViewController.m; sourceTree = "<group>"; };
		BF879CDE1EA9073C00E34A6A /* NJShowIconViewController.xib */ = {isa = PBXFileReference; fileEncoding = 4; lastKnownFileType = file.xib; name = NJShowIconViewController.xib; path = ../Models/NJShowIconViewController.xib; sourceTree = "<group>"; };
		BF879CE11EA90B3D00E34A6A /* iconName.plist */ = {isa = PBXFileReference; fileEncoding = 4; lastKnownFileType = text.plist.xml; path = iconName.plist; sourceTree = "<group>"; };
		BF93CEDB1E8E99E400EE73F0 /* March_thirtyOne_Talk项目.app */ = {isa = PBXFileReference; explicitFileType = wrapper.application; includeInIndex = 0; path = "March_thirtyOne_Talk项目.app"; sourceTree = BUILT_PRODUCTS_DIR; };
		BF93CEDF1E8E99E400EE73F0 /* main.m */ = {isa = PBXFileReference; lastKnownFileType = sourcecode.c.objc; path = main.m; sourceTree = "<group>"; };
		BF93CEE11E8E99E400EE73F0 /* AppDelegate.h */ = {isa = PBXFileReference; lastKnownFileType = sourcecode.c.h; name = AppDelegate.h; path = ../AppDelegate.h; sourceTree = "<group>"; };
		BF93CEE21E8E99E400EE73F0 /* AppDelegate.m */ = {isa = PBXFileReference; lastKnownFileType = sourcecode.c.objc; name = AppDelegate.m; path = ../AppDelegate.m; sourceTree = "<group>"; };
		BF93CEE81E8E99E400EE73F0 /* Base */ = {isa = PBXFileReference; lastKnownFileType = file.storyboard; name = Base; path = Base.lproj/Main.storyboard; sourceTree = "<group>"; };
		BF93CEED1E8E99E400EE73F0 /* Base */ = {isa = PBXFileReference; lastKnownFileType = file.storyboard; name = Base; path = Base.lproj/LaunchScreen.storyboard; sourceTree = "<group>"; };
		BF93CEEF1E8E99E400EE73F0 /* Info.plist */ = {isa = PBXFileReference; lastKnownFileType = text.plist.xml; path = Info.plist; sourceTree = "<group>"; };
		BF93CF011E8E9D3300EE73F0 /* NJLoginViewController.h */ = {isa = PBXFileReference; fileEncoding = 4; lastKnownFileType = sourcecode.c.h; path = NJLoginViewController.h; sourceTree = "<group>"; };
		BF93CF021E8E9D3300EE73F0 /* NJLoginViewController.m */ = {isa = PBXFileReference; fileEncoding = 4; lastKnownFileType = sourcecode.c.objc; path = NJLoginViewController.m; sourceTree = "<group>"; };
		BF98EB731EA9A700002CE71D /* NJServiceTermViewController.h */ = {isa = PBXFileReference; fileEncoding = 4; lastKnownFileType = sourcecode.c.h; path = NJServiceTermViewController.h; sourceTree = "<group>"; };
		BF98EB741EA9A700002CE71D /* NJServiceTermViewController.m */ = {isa = PBXFileReference; fileEncoding = 4; lastKnownFileType = sourcecode.c.objc; path = NJServiceTermViewController.m; sourceTree = "<group>"; };
		BF98EB751EA9A700002CE71D /* NJServiceTermViewController.xib */ = {isa = PBXFileReference; fileEncoding = 4; lastKnownFileType = file.xib; name = NJServiceTermViewController.xib; path = ../Controllers/NJServiceTermViewController.xib; sourceTree = "<group>"; };
		BF98EB7D1EA9AAC6002CE71D /* NJForgetPwdViewController.h */ = {isa = PBXFileReference; fileEncoding = 4; lastKnownFileType = sourcecode.c.h; path = NJForgetPwdViewController.h; sourceTree = "<group>"; };
		BF98EB7E1EA9AAC6002CE71D /* NJForgetPwdViewController.m */ = {isa = PBXFileReference; fileEncoding = 4; lastKnownFileType = sourcecode.c.objc; path = NJForgetPwdViewController.m; sourceTree = "<group>"; };
		BF98EB7F1EA9AAC6002CE71D /* NJForgetPwdViewController.xib */ = {isa = PBXFileReference; fileEncoding = 4; lastKnownFileType = file.xib; name = NJForgetPwdViewController.xib; path = ../Controllers/NJForgetPwdViewController.xib; sourceTree = "<group>"; };
		BF98EB821EA9AE2D002CE71D /* NSString+NJRegex.h */ = {isa = PBXFileReference; fileEncoding = 4; lastKnownFileType = sourcecode.c.h; path = "NSString+NJRegex.h"; sourceTree = "<group>"; };
		BF98EB831EA9AE2D002CE71D /* NSString+NJRegex.m */ = {isa = PBXFileReference; fileEncoding = 4; lastKnownFileType = sourcecode.c.objc; path = "NSString+NJRegex.m"; sourceTree = "<group>"; };
		BFA0C66E1E9894D3007782BB /* NJCommunicationVC.h */ = {isa = PBXFileReference; fileEncoding = 4; lastKnownFileType = sourcecode.c.h; path = NJCommunicationVC.h; sourceTree = "<group>"; };
		BFA0C66F1E9894D3007782BB /* NJCommunicationVC.m */ = {isa = PBXFileReference; fileEncoding = 4; lastKnownFileType = sourcecode.c.objc; path = NJCommunicationVC.m; sourceTree = "<group>"; };
		BFA0C6711E9894DC007782BB /* NJCommunicationVC.xib */ = {isa = PBXFileReference; fileEncoding = 4; lastKnownFileType = file.xib; path = NJCommunicationVC.xib; sourceTree = "<group>"; };
		BFA0C68C1E98975D007782BB /* NJRegisterVC.h */ = {isa = PBXFileReference; fileEncoding = 4; lastKnownFileType = sourcecode.c.h; path = NJRegisterVC.h; sourceTree = "<group>"; };
		BFA0C68D1E98975D007782BB /* NJRegisterVC.m */ = {isa = PBXFileReference; fileEncoding = 4; lastKnownFileType = sourcecode.c.objc; path = NJRegisterVC.m; sourceTree = "<group>"; };
		BFA0C6901E98975D007782BB /* sex.plist */ = {isa = PBXFileReference; fileEncoding = 4; lastKnownFileType = text.plist.xml; path = sex.plist; sourceTree = "<group>"; };
		BFA0C6921E98975D007782BB /* NJRegisterVC.xib */ = {isa = PBXFileReference; fileEncoding = 4; lastKnownFileType = file.xib; path = NJRegisterVC.xib; sourceTree = "<group>"; };
		BFA0C69D1E9898B8007782BB /* NSString+NJTextSize.h */ = {isa = PBXFileReference; fileEncoding = 4; lastKnownFileType = sourcecode.c.h; path = "NSString+NJTextSize.h"; sourceTree = "<group>"; };
		BFA0C69E1E9898B8007782BB /* NSString+NJTextSize.m */ = {isa = PBXFileReference; fileEncoding = 4; lastKnownFileType = sourcecode.c.objc; path = "NSString+NJTextSize.m"; sourceTree = "<group>"; };
		BFA0C6A01E9898D6007782BB /* NJMessage.h */ = {isa = PBXFileReference; fileEncoding = 4; lastKnownFileType = sourcecode.c.h; path = NJMessage.h; sourceTree = "<group>"; };
		BFA0C6A11E9898D6007782BB /* NJMessage.m */ = {isa = PBXFileReference; fileEncoding = 4; lastKnownFileType = sourcecode.c.objc; path = NJMessage.m; sourceTree = "<group>"; };
		BFA0C6A31E989904007782BB /* NJMessageFrame.h */ = {isa = PBXFileReference; fileEncoding = 4; lastKnownFileType = sourcecode.c.h; path = NJMessageFrame.h; sourceTree = "<group>"; };
		BFA0C6A41E989904007782BB /* NJMessageFrame.m */ = {isa = PBXFileReference; fileEncoding = 4; lastKnownFileType = sourcecode.c.objc; path = NJMessageFrame.m; sourceTree = "<group>"; };
		BFA0C6A71E9899D9007782BB /* FlockMessages.plist */ = {isa = PBXFileReference; fileEncoding = 4; lastKnownFileType = text.plist.xml; path = FlockMessages.plist; sourceTree = "<group>"; };
		BFA0C6AB1E98A086007782BB /* NJMessageCell.h */ = {isa = PBXFileReference; fileEncoding = 4; lastKnownFileType = sourcecode.c.h; path = NJMessageCell.h; sourceTree = "<group>"; };
		BFA0C6AC1E98A086007782BB /* NJMessageCell.m */ = {isa = PBXFileReference; fileEncoding = 4; lastKnownFileType = sourcecode.c.objc; path = NJMessageCell.m; sourceTree = "<group>"; };
		BFA0C6B11E98B664007782BB /* UIImageView+NJImageRound.h */ = {isa = PBXFileReference; fileEncoding = 4; lastKnownFileType = sourcecode.c.h; path = "UIImageView+NJImageRound.h"; sourceTree = "<group>"; };
		BFA0C6B21E98B664007782BB /* UIImageView+NJImageRound.m */ = {isa = PBXFileReference; fileEncoding = 4; lastKnownFileType = sourcecode.c.objc; path = "UIImageView+NJImageRound.m"; sourceTree = "<group>"; };
		BFA0C6B41E98BD45007782BB /* UIImage+NJResize.h */ = {isa = PBXFileReference; fileEncoding = 4; lastKnownFileType = sourcecode.c.h; path = "UIImage+NJResize.h"; sourceTree = "<group>"; };
		BFA0C6B51E98BD45007782BB /* UIImage+NJResize.m */ = {isa = PBXFileReference; fileEncoding = 4; lastKnownFileType = sourcecode.c.objc; path = "UIImage+NJResize.m"; sourceTree = "<group>"; };
		BFB5FFC81EA5CECF008DE32F /* NJUserInfoVC.xib */ = {isa = PBXFileReference; fileEncoding = 4; lastKnownFileType = file.xib; path = NJUserInfoVC.xib; sourceTree = "<group>"; };
		BFB5FFCA1EA64821008DE32F /* backgroundOptions.plist */ = {isa = PBXFileReference; fileEncoding = 4; lastKnownFileType = text.plist.xml; path = backgroundOptions.plist; sourceTree = "<group>"; };
		BFB5FFCC1EA64ACB008DE32F /* NJSetterTableViewCell.h */ = {isa = PBXFileReference; fileEncoding = 4; lastKnownFileType = sourcecode.c.h; path = NJSetterTableViewCell.h; sourceTree = "<group>"; };
		BFB5FFCD1EA64ACB008DE32F /* NJSetterTableViewCell.m */ = {isa = PBXFileReference; fileEncoding = 4; lastKnownFileType = sourcecode.c.objc; path = NJSetterTableViewCell.m; sourceTree = "<group>"; };
		BFB5FFCE1EA64ACB008DE32F /* NJSetterTableViewCell.xib */ = {isa = PBXFileReference; fileEncoding = 4; lastKnownFileType = file.xib; path = NJSetterTableViewCell.xib; sourceTree = "<group>"; };
		BFB5FFD31EA64F26008DE32F /* NJOption.h */ = {isa = PBXFileReference; fileEncoding = 4; lastKnownFileType = sourcecode.c.h; path = NJOption.h; sourceTree = "<group>"; };
		BFB5FFD41EA64F26008DE32F /* NJOption.m */ = {isa = PBXFileReference; fileEncoding = 4; lastKnownFileType = sourcecode.c.objc; path = NJOption.m; sourceTree = "<group>"; };
		BFC69A131EA3B5AD001E2E6B /* NJURLAndPort.pch */ = {isa = PBXFileReference; lastKnownFileType = sourcecode.c.h; path = NJURLAndPort.pch; sourceTree = "<group>"; };
		BFC69A141EA3BADE001E2E6B /* NJTool.h */ = {isa = PBXFileReference; fileEncoding = 4; lastKnownFileType = sourcecode.c.h; path = NJTool.h; sourceTree = "<group>"; };
		BFC69A151EA3BADE001E2E6B /* NJTool.m */ = {isa = PBXFileReference; fileEncoding = 4; lastKnownFileType = sourcecode.c.objc; path = NJTool.m; sourceTree = "<group>"; };
		BFC69A181EA3BD11001E2E6B /* NSString+NJMD5String.h */ = {isa = PBXFileReference; fileEncoding = 4; lastKnownFileType = sourcecode.c.h; path = "NSString+NJMD5String.h"; sourceTree = "<group>"; };
		BFC69A191EA3BD11001E2E6B /* NSString+NJMD5String.m */ = {isa = PBXFileReference; fileEncoding = 4; lastKnownFileType = sourcecode.c.objc; path = "NSString+NJMD5String.m"; sourceTree = "<group>"; };
		BFD4B4861ECADFFE00D5ABB4 /* Images.plist */ = {isa = PBXFileReference; fileEncoding = 4; lastKnownFileType = text.plist.xml; path = Images.plist; sourceTree = "<group>"; };
		BFFBF6321E8F9B3C008E0C4D /* NJUserInfoVC.h */ = {isa = PBXFileReference; fileEncoding = 4; lastKnownFileType = sourcecode.c.h; path = NJUserInfoVC.h; sourceTree = "<group>"; };
		BFFBF6331E8F9B3C008E0C4D /* NJUserInfoVC.m */ = {isa = PBXFileReference; fileEncoding = 4; lastKnownFileType = sourcecode.c.objc; path = NJUserInfoVC.m; sourceTree = "<group>"; };
/* End PBXFileReference section */

/* Begin PBXFrameworksBuildPhase section */
		BF93CED81E8E99E400EE73F0 /* Frameworks */ = {
			isa = PBXFrameworksBuildPhase;
			buildActionMask = 2147483647;
			files = (
				A7792D4BEFD60CB255C8CCD1 /* libPods-March_thirtyOne_Talk项目.a in Frameworks */,
			);
			runOnlyForDeploymentPostprocessing = 0;
		};
/* End PBXFrameworksBuildPhase section */

/* Begin PBXGroup section */
		16403C9EE1BFB0E5664A37BF /* Frameworks */ = {
			isa = PBXGroup;
			children = (
				4113C209B4D91036187592B2 /* libPods-March_thirtyOne_Talk项目.a */,
			);
			name = Frameworks;
			sourceTree = "<group>";
		};
		491918099B8C6B383A31F6C6 /* Pods */ = {
			isa = PBXGroup;
			children = (
				40D34D94B99A4219EF2F19E2 /* Pods-March_thirtyOne_Talk项目.debug.xcconfig */,
				6DF597C9E698A544766C2484 /* Pods-March_thirtyOne_Talk项目.release.xcconfig */,
			);
			name = Pods;
			sourceTree = "<group>";
		};
		BF0624DF1E96761B001C77F5 /* Category */ = {
			isa = PBXGroup;
			children = (
				BF0624E01E96761B001C77F5 /* UIImage+Image.h */,
				BF0624E11E96761B001C77F5 /* UIImage+Image.m */,
			);
			name = Category;
			path = ../../../Other/Category;
			sourceTree = "<group>";
		};
		BF0624E31E967935001C77F5 /* Others */ = {
			isa = PBXGroup;
			children = (
				BF0624E91E969813001C77F5 /* Cell */,
				BF0624DF1E96761B001C77F5 /* Category */,
				BF32040B1E97219A00BD3AEA /* userInformation.plist */,
				BFB5FFCA1EA64821008DE32F /* backgroundOptions.plist */,
			);
			path = Others;
			sourceTree = "<group>";
		};
		BF0624E91E969813001C77F5 /* Cell */ = {
			isa = PBXGroup;
			children = (
				BFB5FFD21EA64AD5008DE32F /* NJTableViewCell */,
				BFB5FFD11EA64AD0008DE32F /* NJSetterTableViewCell */,
			);
			name = Cell;
			sourceTree = "<group>";
		};
		BF2F11871E9A25C000C1FE7E /* Category */ = {
			isa = PBXGroup;
			children = (
				BF2F118F1E9A52C800C1FE7E /* NSString+NJMD5String.h */,
				BF2F11901E9A52C800C1FE7E /* NSString+NJMD5String.m */,
			);
			path = Category;
			sourceTree = "<group>";
		};
		BF2F11881E9A265900C1FE7E /* Others */ = {
			isa = PBXGroup;
			children = (
			);
			path = Others;
			sourceTree = "<group>";
		};
		BF501D691EA91A8A0020A9CF /* messageCell */ = {
			isa = PBXGroup;
			children = (
				BFA0C6AB1E98A086007782BB /* NJMessageCell.h */,
				BFA0C6AC1E98A086007782BB /* NJMessageCell.m */,
			);
			name = messageCell;
			sourceTree = "<group>";
		};
		BF72050F1E94D95D004F21C0 /* Friends */ = {
			isa = PBXGroup;
			children = (
				BF7205101E94D95D004F21C0 /* Controllers */,
				BF7205111E94D95D004F21C0 /* Models */,
				BF7205121E94D95D004F21C0 /* Views */,
			);
			path = Friends;
			sourceTree = "<group>";
		};
		BF7205101E94D95D004F21C0 /* Controllers */ = {
			isa = PBXGroup;
			children = (
				BF7205131E94D9A3004F21C0 /* NJFriendsViewController.h */,
				BF7205141E94D9A3004F21C0 /* NJFriendsViewController.m */,
			);
			path = Controllers;
			sourceTree = "<group>";
		};
		BF7205111E94D95D004F21C0 /* Models */ = {
			isa = PBXGroup;
			children = (
			);
			path = Models;
			sourceTree = "<group>";
		};
		BF7205121E94D95D004F21C0 /* Views */ = {
			isa = PBXGroup;
			children = (
				BF7205151E94D9A3004F21C0 /* NJFriendsViewController.xib */,
			);
			path = Views;
			sourceTree = "<group>";
		};
		BF7205241E9514C9004F21C0 /* Birthday */ = {
			isa = PBXGroup;
			children = (
				BF7205251E9514C9004F21C0 /* Controllers */,
				BF7205261E9514C9004F21C0 /* Models */,
				BF7205271E9514C9004F21C0 /* Others */,
				BF7205281E9514C9004F21C0 /* Views */,
			);
			path = Birthday;
			sourceTree = "<group>";
		};
		BF7205251E9514C9004F21C0 /* Controllers */ = {
			isa = PBXGroup;
			children = (
				BF7205291E9514E2004F21C0 /* NJBirthdayVC.h */,
				BF72052A1E9514E2004F21C0 /* NJBirthdayVC.m */,
			);
			path = Controllers;
			sourceTree = "<group>";
		};
		BF7205261E9514C9004F21C0 /* Models */ = {
			isa = PBXGroup;
			children = (
			);
			path = Models;
			sourceTree = "<group>";
		};
		BF7205271E9514C9004F21C0 /* Others */ = {
			isa = PBXGroup;
			children = (
				BF72052E1E953801004F21C0 /* NJBirthdayVCDelegate.h */,
			);
			path = Others;
			sourceTree = "<group>";
		};
		BF7205281E9514C9004F21C0 /* Views */ = {
			isa = PBXGroup;
			children = (
				BF72052B1E9514E2004F21C0 /* NJBirthdayVC.xib */,
			);
			path = Views;
			sourceTree = "<group>";
		};
		BF879CC21EA8B8F500E34A6A /* Icon */ = {
			isa = PBXGroup;
			children = (
				BF879CC31EA8B8F500E34A6A /* Controllers */,
				BF879CC61EA8B8F500E34A6A /* Models */,
				BF879CC71EA8B8F500E34A6A /* Others */,
				BF879CC81EA8B8F500E34A6A /* Views */,
			);
			path = Icon;
			sourceTree = "<group>";
		};
		BF879CC31EA8B8F500E34A6A /* Controllers */ = {
			isa = PBXGroup;
			children = (
				BF879CC41EA8B8F500E34A6A /* NJIconViewController.h */,
				BF879CC51EA8B8F500E34A6A /* NJIconViewController.m */,
			);
			path = Controllers;
			sourceTree = "<group>";
		};
		BF879CC61EA8B8F500E34A6A /* Models */ = {
			isa = PBXGroup;
			children = (
			);
			path = Models;
			sourceTree = "<group>";
		};
		BF879CC71EA8B8F500E34A6A /* Others */ = {
			isa = PBXGroup;
			children = (
				BF879CE11EA90B3D00E34A6A /* iconName.plist */,
				BFD4B4861ECADFFE00D5ABB4 /* Images.plist */,
			);
			path = Others;
			sourceTree = "<group>";
		};
		BF879CC81EA8B8F500E34A6A /* Views */ = {
			isa = PBXGroup;
			children = (
				BF879CC91EA8B8F500E34A6A /* NJIconViewController.xib */,
			);
			path = Views;
			sourceTree = "<group>";
		};
		BF879CD71EA9072B00E34A6A /* showIcon */ = {
			isa = PBXGroup;
			children = (
				BF879CD81EA9072B00E34A6A /* Controllers */,
				BF879CD91EA9072B00E34A6A /* Models */,
				BF879CDA1EA9072B00E34A6A /* Others */,
				BF879CDB1EA9072B00E34A6A /* Views */,
			);
			path = showIcon;
			sourceTree = "<group>";
		};
		BF879CD81EA9072B00E34A6A /* Controllers */ = {
			isa = PBXGroup;
			children = (
				BF879CDC1EA9073C00E34A6A /* NJShowIconViewController.h */,
				BF879CDD1EA9073C00E34A6A /* NJShowIconViewController.m */,
			);
			path = Controllers;
			sourceTree = "<group>";
		};
		BF879CD91EA9072B00E34A6A /* Models */ = {
			isa = PBXGroup;
			children = (
			);
			path = Models;
			sourceTree = "<group>";
		};
		BF879CDA1EA9072B00E34A6A /* Others */ = {
			isa = PBXGroup;
			children = (
			);
			path = Others;
			sourceTree = "<group>";
		};
		BF879CDB1EA9072B00E34A6A /* Views */ = {
			isa = PBXGroup;
			children = (
				BF879CDE1EA9073C00E34A6A /* NJShowIconViewController.xib */,
			);
			path = Views;
			sourceTree = "<group>";
		};
		BF93CED21E8E99E400EE73F0 = {
			isa = PBXGroup;
			children = (
				BF93CEDD1E8E99E400EE73F0 /* March_thirtyOne_Talk项目 */,
				BF93CEDC1E8E99E400EE73F0 /* Products */,
				491918099B8C6B383A31F6C6 /* Pods */,
				16403C9EE1BFB0E5664A37BF /* Frameworks */,
			);
			sourceTree = "<group>";
		};
		BF93CEDC1E8E99E400EE73F0 /* Products */ = {
			isa = PBXGroup;
			children = (
				BF93CEDB1E8E99E400EE73F0 /* March_thirtyOne_Talk项目.app */,
			);
			name = Products;
			sourceTree = "<group>";
		};
		BF93CEDD1E8E99E400EE73F0 /* March_thirtyOne_Talk项目 */ = {
			isa = PBXGroup;
			children = (
				BF93CEFE1E8E9D3300EE73F0 /* Classes */,
				BF93CEEF1E8E99E400EE73F0 /* Info.plist */,
				BF879CD51EA9019F00E34A6A /* Assets.xcassets */,
				BF93CEDE1E8E99E400EE73F0 /* Supporting Files */,
			);
			path = "March_thirtyOne_Talk项目";
			sourceTree = "<group>";
		};
		BF93CEDE1E8E99E400EE73F0 /* Supporting Files */ = {
			isa = PBXGroup;
			children = (
				BF93CEDF1E8E99E400EE73F0 /* main.m */,
			);
			name = "Supporting Files";
			sourceTree = "<group>";
		};
		BF93CEFE1E8E9D3300EE73F0 /* Classes */ = {
			isa = PBXGroup;
			children = (
				BF98EB781EA9AAB8002CE71D /* forgetPwd */,
				BF98EB6E1EA9A6EB002CE71D /* serviceTerm */,
				BF879CD71EA9072B00E34A6A /* showIcon */,
				BF879CC21EA8B8F500E34A6A /* Icon */,
				BFA0C68A1E98975D007782BB /* Register */,
				BF93CEFF1E8E9D3300EE73F0 /* login */,
				BFA0C65C1E98941A007782BB /* Communication */,
				BF7205241E9514C9004F21C0 /* Birthday */,
				BF72050F1E94D95D004F21C0 /* Friends */,
				BFFBF62E1E8F9B14008E0C4D /* UserInformation */,
				BF93CF061E8E9D3E00EE73F0 /* Other */,
			);
			path = Classes;
			sourceTree = "<group>";
		};
		BF93CEFF1E8E9D3300EE73F0 /* login */ = {
			isa = PBXGroup;
			children = (
				BF2F11881E9A265900C1FE7E /* Others */,
				BF2F11871E9A25C000C1FE7E /* Category */,
				BF93CF001E8E9D3300EE73F0 /* Controllers */,
				BF93CF031E8E9D3300EE73F0 /* Models */,
				BF93CF041E8E9D3300EE73F0 /* Views */,
			);
			path = login;
			sourceTree = "<group>";
		};
		BF93CF001E8E9D3300EE73F0 /* Controllers */ = {
			isa = PBXGroup;
			children = (
				BF93CF011E8E9D3300EE73F0 /* NJLoginViewController.h */,
				BF93CF021E8E9D3300EE73F0 /* NJLoginViewController.m */,
			);
			path = Controllers;
			sourceTree = "<group>";
		};
		BF93CF031E8E9D3300EE73F0 /* Models */ = {
			isa = PBXGroup;
			children = (
			);
			path = Models;
			sourceTree = "<group>";
		};
		BF93CF041E8E9D3300EE73F0 /* Views */ = {
			isa = PBXGroup;
			children = (
				BF3B0F8A1EA7036500350216 /* NJLoginViewController.xib */,
			);
			path = Views;
			sourceTree = "<group>";
		};
		BF93CF061E8E9D3E00EE73F0 /* Other */ = {
			isa = PBXGroup;
			children = (
				BF93CEE71E8E99E400EE73F0 /* Main.storyboard */,
				BF93CEEC1E8E99E400EE73F0 /* LaunchScreen.storyboard */,
				BF93CEE11E8E99E400EE73F0 /* AppDelegate.h */,
				BF93CEE21E8E99E400EE73F0 /* AppDelegate.m */,
				BFC69A131EA3B5AD001E2E6B /* NJURLAndPort.pch */,
				BFC69A141EA3BADE001E2E6B /* NJTool.h */,
				BFC69A151EA3BADE001E2E6B /* NJTool.m */,
			);
			name = Other;
			path = ../Other;
			sourceTree = "<group>";
		};
		BF98EB6E1EA9A6EB002CE71D /* serviceTerm */ = {
			isa = PBXGroup;
			children = (
				BF98EB6F1EA9A6EB002CE71D /* Controllers */,
				BF98EB701EA9A6EB002CE71D /* Models */,
				BF98EB711EA9A6EB002CE71D /* Others */,
				BF98EB721EA9A6EB002CE71D /* Views */,
			);
			path = serviceTerm;
			sourceTree = "<group>";
		};
		BF98EB6F1EA9A6EB002CE71D /* Controllers */ = {
			isa = PBXGroup;
			children = (
				BF98EB731EA9A700002CE71D /* NJServiceTermViewController.h */,
				BF98EB741EA9A700002CE71D /* NJServiceTermViewController.m */,
			);
			path = Controllers;
			sourceTree = "<group>";
		};
		BF98EB701EA9A6EB002CE71D /* Models */ = {
			isa = PBXGroup;
			children = (
			);
			path = Models;
			sourceTree = "<group>";
		};
		BF98EB711EA9A6EB002CE71D /* Others */ = {
			isa = PBXGroup;
			children = (
			);
			path = Others;
			sourceTree = "<group>";
		};
		BF98EB721EA9A6EB002CE71D /* Views */ = {
			isa = PBXGroup;
			children = (
				BF98EB751EA9A700002CE71D /* NJServiceTermViewController.xib */,
			);
			path = Views;
			sourceTree = "<group>";
		};
		BF98EB781EA9AAB8002CE71D /* forgetPwd */ = {
			isa = PBXGroup;
			children = (
				BF98EB791EA9AAB8002CE71D /* Controllers */,
				BF98EB7A1EA9AAB8002CE71D /* Models */,
				BF98EB7B1EA9AAB8002CE71D /* Others */,
				BF98EB7C1EA9AAB8002CE71D /* Views */,
			);
			path = forgetPwd;
			sourceTree = "<group>";
		};
		BF98EB791EA9AAB8002CE71D /* Controllers */ = {
			isa = PBXGroup;
			children = (
				BF98EB7D1EA9AAC6002CE71D /* NJForgetPwdViewController.h */,
				BF98EB7E1EA9AAC6002CE71D /* NJForgetPwdViewController.m */,
			);
			path = Controllers;
			sourceTree = "<group>";
		};
		BF98EB7A1EA9AAB8002CE71D /* Models */ = {
			isa = PBXGroup;
			children = (
			);
			path = Models;
			sourceTree = "<group>";
		};
		BF98EB7B1EA9AAB8002CE71D /* Others */ = {
			isa = PBXGroup;
			children = (
			);
			path = Others;
			sourceTree = "<group>";
		};
		BF98EB7C1EA9AAB8002CE71D /* Views */ = {
			isa = PBXGroup;
			children = (
				BF98EB7F1EA9AAC6002CE71D /* NJForgetPwdViewController.xib */,
			);
			path = Views;
			sourceTree = "<group>";
		};
		BFA0C65C1E98941A007782BB /* Communication */ = {
			isa = PBXGroup;
			children = (
				BFA0C65D1E98941A007782BB /* Category */,
				BFA0C65E1E98941A007782BB /* Controllers */,
				BFA0C65F1E98941A007782BB /* Models */,
				BFA0C6691E98941A007782BB /* Others */,
				BFA0C66A1E98941A007782BB /* Views */,
			);
			path = Communication;
			sourceTree = "<group>";
		};
		BFA0C65D1E98941A007782BB /* Category */ = {
			isa = PBXGroup;
			children = (
				BFA0C6B41E98BD45007782BB /* UIImage+NJResize.h */,
				BFA0C6B51E98BD45007782BB /* UIImage+NJResize.m */,
				BFA0C69D1E9898B8007782BB /* NSString+NJTextSize.h */,
				BFA0C69E1E9898B8007782BB /* NSString+NJTextSize.m */,
				BFA0C6B11E98B664007782BB /* UIImageView+NJImageRound.h */,
				BFA0C6B21E98B664007782BB /* UIImageView+NJImageRound.m */,
				BF2F11741E99E3CA00C1FE7E /* NSDictionary+NJDictionaryWithModel.h */,
				BF2F11751E99E3CA00C1FE7E /* NSDictionary+NJDictionaryWithModel.m */,
				BF2F11771E99E47900C1FE7E /* NSArray+NJDictionaryArrWithModelArr.h */,
				BF2F11781E99E47900C1FE7E /* NSArray+NJDictionaryArrWithModelArr.m */,
			);
			path = Category;
			sourceTree = "<group>";
		};
		BFA0C65E1E98941A007782BB /* Controllers */ = {
			isa = PBXGroup;
			children = (
				BFA0C66E1E9894D3007782BB /* NJCommunicationVC.h */,
				BFA0C66F1E9894D3007782BB /* NJCommunicationVC.m */,
			);
			path = Controllers;
			sourceTree = "<group>";
		};
		BFA0C65F1E98941A007782BB /* Models */ = {
			isa = PBXGroup;
			children = (
				BFA0C6A01E9898D6007782BB /* NJMessage.h */,
				BFA0C6A11E9898D6007782BB /* NJMessage.m */,
				BFA0C6A31E989904007782BB /* NJMessageFrame.h */,
				BFA0C6A41E989904007782BB /* NJMessageFrame.m */,
			);
			path = Models;
			sourceTree = "<group>";
		};
		BFA0C6691E98941A007782BB /* Others */ = {
			isa = PBXGroup;
			children = (
				BF501D691EA91A8A0020A9CF /* messageCell */,
				BFA0C6A61E9899D9007782BB /* files */,
			);
			path = Others;
			sourceTree = "<group>";
		};
		BFA0C66A1E98941A007782BB /* Views */ = {
			isa = PBXGroup;
			children = (
				BFA0C6711E9894DC007782BB /* NJCommunicationVC.xib */,
			);
			path = Views;
			sourceTree = "<group>";
		};
		BFA0C68A1E98975D007782BB /* Register */ = {
			isa = PBXGroup;
			children = (
				BFC69A171EA3BD03001E2E6B /* Category */,
				BFA0C68F1E98975D007782BB /* Others */,
				BFA0C68B1E98975D007782BB /* Controllers */,
				BFA0C68E1E98975D007782BB /* Models */,
				BFA0C6911E98975D007782BB /* Views */,
			);
			path = Register;
			sourceTree = "<group>";
		};
		BFA0C68B1E98975D007782BB /* Controllers */ = {
			isa = PBXGroup;
			children = (
				BFA0C68C1E98975D007782BB /* NJRegisterVC.h */,
				BFA0C68D1E98975D007782BB /* NJRegisterVC.m */,
			);
			path = Controllers;
			sourceTree = "<group>";
		};
		BFA0C68E1E98975D007782BB /* Models */ = {
			isa = PBXGroup;
			children = (
			);
			path = Models;
			sourceTree = "<group>";
		};
		BFA0C68F1E98975D007782BB /* Others */ = {
			isa = PBXGroup;
			children = (
				BFA0C6901E98975D007782BB /* sex.plist */,
				BF2F117A1E99EEFA00C1FE7E /* NJSexTextF.h */,
				BF2F117B1E99EEFA00C1FE7E /* NJSexTextF.m */,
			);
			path = Others;
			sourceTree = "<group>";
		};
		BFA0C6911E98975D007782BB /* Views */ = {
			isa = PBXGroup;
			children = (
				BFA0C6921E98975D007782BB /* NJRegisterVC.xib */,
			);
			path = Views;
			sourceTree = "<group>";
		};
		BFA0C6A61E9899D9007782BB /* files */ = {
			isa = PBXGroup;
			children = (
				BFA0C6A71E9899D9007782BB /* FlockMessages.plist */,
			);
			path = files;
			sourceTree = "<group>";
		};
		BFB5FFD11EA64AD0008DE32F /* NJSetterTableViewCell */ = {
			isa = PBXGroup;
			children = (
				BFB5FFCC1EA64ACB008DE32F /* NJSetterTableViewCell.h */,
				BFB5FFCD1EA64ACB008DE32F /* NJSetterTableViewCell.m */,
				BFB5FFCE1EA64ACB008DE32F /* NJSetterTableViewCell.xib */,
			);
			name = NJSetterTableViewCell;
			sourceTree = "<group>";
		};
		BFB5FFD21EA64AD5008DE32F /* NJTableViewCell */ = {
			isa = PBXGroup;
			children = (
				BF0624E41E969809001C77F5 /* NJTableViewCell.h */,
				BF0624E51E969809001C77F5 /* NJTableViewCell.m */,
				BF0624EC1E969D1C001C77F5 /* NJTableViewCell.xib */,
			);
			name = NJTableViewCell;
			sourceTree = "<group>";
		};
		BFC69A171EA3BD03001E2E6B /* Category */ = {
			isa = PBXGroup;
			children = (
				BF98EB821EA9AE2D002CE71D /* NSString+NJRegex.h */,
				BF98EB831EA9AE2D002CE71D /* NSString+NJRegex.m */,
				BFC69A181EA3BD11001E2E6B /* NSString+NJMD5String.h */,
				BFC69A191EA3BD11001E2E6B /* NSString+NJMD5String.m */,
			);
			path = Category;
			sourceTree = "<group>";
		};
		BFFBF62E1E8F9B14008E0C4D /* UserInformation */ = {
			isa = PBXGroup;
			children = (
				BF0624E31E967935001C77F5 /* Others */,
				BFFBF62F1E8F9B14008E0C4D /* Controllers */,
				BFFBF6301E8F9B14008E0C4D /* Models */,
				BFFBF6311E8F9B14008E0C4D /* Views */,
			);
			path = UserInformation;
			sourceTree = "<group>";
		};
		BFFBF62F1E8F9B14008E0C4D /* Controllers */ = {
			isa = PBXGroup;
			children = (
				BFFBF6321E8F9B3C008E0C4D /* NJUserInfoVC.h */,
				BFFBF6331E8F9B3C008E0C4D /* NJUserInfoVC.m */,
			);
			path = Controllers;
			sourceTree = "<group>";
		};
		BFFBF6301E8F9B14008E0C4D /* Models */ = {
			isa = PBXGroup;
			children = (
				BF3203E61E9720FF00BD3AEA /* NJInfo.h */,
				BF3203E71E9720FF00BD3AEA /* NJInfo.m */,
				BFB5FFD31EA64F26008DE32F /* NJOption.h */,
				BFB5FFD41EA64F26008DE32F /* NJOption.m */,
			);
			path = Models;
			sourceTree = "<group>";
		};
		BFFBF6311E8F9B14008E0C4D /* Views */ = {
			isa = PBXGroup;
			children = (
				BFB5FFC81EA5CECF008DE32F /* NJUserInfoVC.xib */,
			);
			path = Views;
			sourceTree = "<group>";
		};
/* End PBXGroup section */

/* Begin PBXNativeTarget section */
		BF93CEDA1E8E99E400EE73F0 /* March_thirtyOne_Talk项目 */ = {
			isa = PBXNativeTarget;
			buildConfigurationList = BF93CEF21E8E99E400EE73F0 /* Build configuration list for PBXNativeTarget "March_thirtyOne_Talk项目" */;
			buildPhases = (
				855A1F14DF0BC9A9C3F6861E /* [CP] Check Pods Manifest.lock */,
				BF93CED71E8E99E400EE73F0 /* Sources */,
				BF93CED81E8E99E400EE73F0 /* Frameworks */,
				BF93CED91E8E99E400EE73F0 /* Resources */,
				C0C92A9550CC86139DBD8954 /* [CP] Embed Pods Frameworks */,
				14831C4444889B4867DC973B /* [CP] Copy Pods Resources */,
			);
			buildRules = (
			);
			dependencies = (
			);
			name = "March_thirtyOne_Talk项目";
			productName = "March_thirtyOne_Talk项目";
			productReference = BF93CEDB1E8E99E400EE73F0 /* March_thirtyOne_Talk项目.app */;
			productType = "com.apple.product-type.application";
		};
/* End PBXNativeTarget section */

/* Begin PBXProject section */
		BF93CED31E8E99E400EE73F0 /* Project object */ = {
			isa = PBXProject;
			attributes = {
				CLASSPREFIX = NJ;
				LastUpgradeCheck = 0830;
				ORGANIZATIONNAME = cxz;
				TargetAttributes = {
					BF93CEDA1E8E99E400EE73F0 = {
						CreatedOnToolsVersion = 8.3;
						DevelopmentTeam = E435LNP339;
						ProvisioningStyle = Automatic;
					};
				};
			};
			buildConfigurationList = BF93CED61E8E99E400EE73F0 /* Build configuration list for PBXProject "March_thirtyOne_Talk项目" */;
			compatibilityVersion = "Xcode 3.2";
			developmentRegion = English;
			hasScannedForEncodings = 0;
			knownRegions = (
				en,
				Base,
			);
			mainGroup = BF93CED21E8E99E400EE73F0;
			productRefGroup = BF93CEDC1E8E99E400EE73F0 /* Products */;
			projectDirPath = "";
			projectRoot = "";
			targets = (
				BF93CEDA1E8E99E400EE73F0 /* March_thirtyOne_Talk项目 */,
			);
		};
/* End PBXProject section */

/* Begin PBXResourcesBuildPhase section */
		BF93CED91E8E99E400EE73F0 /* Resources */ = {
			isa = PBXResourcesBuildPhase;
			buildActionMask = 2147483647;
			files = (
				BF879CE01EA9073C00E34A6A /* NJShowIconViewController.xib in Resources */,
				BF93CEEE1E8E99E400EE73F0 /* LaunchScreen.storyboard in Resources */,
				BF3B0F8B1EA7036500350216 /* NJLoginViewController.xib in Resources */,
				BF0624ED1E969D1C001C77F5 /* NJTableViewCell.xib in Resources */,
				BF879CE21EA90B3D00E34A6A /* iconName.plist in Resources */,
				BF32040C1E97219A00BD3AEA /* userInformation.plist in Resources */,
				BF879CCB1EA8B8F500E34A6A /* NJIconViewController.xib in Resources */,
				BF98EB771EA9A700002CE71D /* NJServiceTermViewController.xib in Resources */,
				BFA0C6951E98975D007782BB /* NJRegisterVC.xib in Resources */,
				BFA0C6721E9894DC007782BB /* NJCommunicationVC.xib in Resources */,
				BFB5FFC91EA5CECF008DE32F /* NJUserInfoVC.xib in Resources */,
				BFB5FFCB1EA64821008DE32F /* backgroundOptions.plist in Resources */,
				BFA0C6A91E9899D9007782BB /* FlockMessages.plist in Resources */,
				BFD4B4871ECADFFE00D5ABB4 /* Images.plist in Resources */,
				BF72052D1E9514E2004F21C0 /* NJBirthdayVC.xib in Resources */,
				BFB5FFD01EA64ACB008DE32F /* NJSetterTableViewCell.xib in Resources */,
				BF7205171E94D9A3004F21C0 /* NJFriendsViewController.xib in Resources */,
				BF98EB811EA9AAC6002CE71D /* NJForgetPwdViewController.xib in Resources */,
				BF93CEE91E8E99E400EE73F0 /* Main.storyboard in Resources */,
				BF879CD61EA9019F00E34A6A /* Assets.xcassets in Resources */,
				BFA0C6941E98975D007782BB /* sex.plist in Resources */,
			);
			runOnlyForDeploymentPostprocessing = 0;
		};
/* End PBXResourcesBuildPhase section */

/* Begin PBXShellScriptBuildPhase section */
		14831C4444889B4867DC973B /* [CP] Copy Pods Resources */ = {
			isa = PBXShellScriptBuildPhase;
			buildActionMask = 2147483647;
			files = (
			);
			inputPaths = (
			);
			name = "[CP] Copy Pods Resources";
			outputPaths = (
			);
			runOnlyForDeploymentPostprocessing = 0;
			shellPath = /bin/sh;
			shellScript = "\"${SRCROOT}/Pods/Target Support Files/Pods-March_thirtyOne_Talk项目/Pods-March_thirtyOne_Talk项目-resources.sh\"\n";
			showEnvVarsInLog = 0;
		};
		855A1F14DF0BC9A9C3F6861E /* [CP] Check Pods Manifest.lock */ = {
			isa = PBXShellScriptBuildPhase;
			buildActionMask = 2147483647;
			files = (
			);
			inputPaths = (
			);
			name = "[CP] Check Pods Manifest.lock";
			outputPaths = (
			);
			runOnlyForDeploymentPostprocessing = 0;
			shellPath = /bin/sh;
			shellScript = "diff \"${PODS_PODFILE_DIR_PATH}/Podfile.lock\" \"${PODS_ROOT}/Manifest.lock\" > /dev/null\nif [ $? != 0 ] ; then\n    # print error to STDERR\n    echo \"error: The sandbox is not in sync with the Podfile.lock. Run 'pod install' or update your CocoaPods installation.\" >&2\n    exit 1\nfi\n";
			showEnvVarsInLog = 0;
		};
		C0C92A9550CC86139DBD8954 /* [CP] Embed Pods Frameworks */ = {
			isa = PBXShellScriptBuildPhase;
			buildActionMask = 2147483647;
			files = (
			);
			inputPaths = (
			);
			name = "[CP] Embed Pods Frameworks";
			outputPaths = (
			);
			runOnlyForDeploymentPostprocessing = 0;
			shellPath = /bin/sh;
			shellScript = "\"${SRCROOT}/Pods/Target Support Files/Pods-March_thirtyOne_Talk项目/Pods-March_thirtyOne_Talk项目-frameworks.sh\"\n";
			showEnvVarsInLog = 0;
		};
/* End PBXShellScriptBuildPhase section */

/* Begin PBXSourcesBuildPhase section */
		BF93CED71E8E99E400EE73F0 /* Sources */ = {
			isa = PBXSourcesBuildPhase;
			buildActionMask = 2147483647;
			files = (
				BFC69A1A1EA3BD11001E2E6B /* NSString+NJMD5String.m in Sources */,
				BFA0C6B61E98BD45007782BB /* UIImage+NJResize.m in Sources */,
				BFA0C6A21E9898D6007782BB /* NJMessage.m in Sources */,
				BF879CDF1EA9073C00E34A6A /* NJShowIconViewController.m in Sources */,
				BF98EB841EA9AE2D002CE71D /* NSString+NJRegex.m in Sources */,
				BF93CF051E8E9D3300EE73F0 /* NJLoginViewController.m in Sources */,
				BF98EB761EA9A700002CE71D /* NJServiceTermViewController.m in Sources */,
				BF98EB801EA9AAC6002CE71D /* NJForgetPwdViewController.m in Sources */,
				BF93CEE31E8E99E400EE73F0 /* AppDelegate.m in Sources */,
				BF2F11911E9A52C800C1FE7E /* NSString+NJMD5String.m in Sources */,
				BFA0C6AD1E98A086007782BB /* NJMessageCell.m in Sources */,
				BF72052C1E9514E2004F21C0 /* NJBirthdayVC.m in Sources */,
				BFB5FFD51EA64F26008DE32F /* NJOption.m in Sources */,
				BF0624E71E969809001C77F5 /* NJTableViewCell.m in Sources */,
				BF2F11761E99E3CA00C1FE7E /* NSDictionary+NJDictionaryWithModel.m in Sources */,
				BF0624E21E96761B001C77F5 /* UIImage+Image.m in Sources */,
				BFA0C6931E98975D007782BB /* NJRegisterVC.m in Sources */,
				BF879CCA1EA8B8F500E34A6A /* NJIconViewController.m in Sources */,
				BF7205161E94D9A3004F21C0 /* NJFriendsViewController.m in Sources */,
				BFA0C6B31E98B664007782BB /* UIImageView+NJImageRound.m in Sources */,
				BF3203E81E9720FF00BD3AEA /* NJInfo.m in Sources */,
				BF93CEE01E8E99E400EE73F0 /* main.m in Sources */,
				BFFBF6351E8F9B3C008E0C4D /* NJUserInfoVC.m in Sources */,
				BFA0C6701E9894D3007782BB /* NJCommunicationVC.m in Sources */,
				BF2F11791E99E47900C1FE7E /* NSArray+NJDictionaryArrWithModelArr.m in Sources */,
				BFB5FFCF1EA64ACB008DE32F /* NJSetterTableViewCell.m in Sources */,
				BFC69A161EA3BADE001E2E6B /* NJTool.m in Sources */,
				BF2F117C1E99EEFA00C1FE7E /* NJSexTextF.m in Sources */,
				BFA0C69F1E9898B8007782BB /* NSString+NJTextSize.m in Sources */,
				BFA0C6A51E989904007782BB /* NJMessageFrame.m in Sources */,
			);
			runOnlyForDeploymentPostprocessing = 0;
		};
/* End PBXSourcesBuildPhase section */

/* Begin PBXVariantGroup section */
		BF93CEE71E8E99E400EE73F0 /* Main.storyboard */ = {
			isa = PBXVariantGroup;
			children = (
				BF93CEE81E8E99E400EE73F0 /* Base */,
			);
			name = Main.storyboard;
			path = ..;
			sourceTree = "<group>";
		};
		BF93CEEC1E8E99E400EE73F0 /* LaunchScreen.storyboard */ = {
			isa = PBXVariantGroup;
			children = (
				BF93CEED1E8E99E400EE73F0 /* Base */,
			);
			name = LaunchScreen.storyboard;
			path = ..;
			sourceTree = "<group>";
		};
/* End PBXVariantGroup section */

/* Begin XCBuildConfiguration section */
		BF93CEF01E8E99E400EE73F0 /* Debug */ = {
			isa = XCBuildConfiguration;
			buildSettings = {
				ALWAYS_SEARCH_USER_PATHS = NO;
				CLANG_ANALYZER_NONNULL = YES;
				CLANG_ANALYZER_NUMBER_OBJECT_CONVERSION = YES_AGGRESSIVE;
				CLANG_CXX_LANGUAGE_STANDARD = "gnu++0x";
				CLANG_CXX_LIBRARY = "libc++";
				CLANG_ENABLE_MODULES = YES;
				CLANG_ENABLE_OBJC_ARC = YES;
				CLANG_WARN_BOOL_CONVERSION = YES;
				CLANG_WARN_CONSTANT_CONVERSION = YES;
				CLANG_WARN_DIRECT_OBJC_ISA_USAGE = YES_ERROR;
				CLANG_WARN_DOCUMENTATION_COMMENTS = YES;
				CLANG_WARN_EMPTY_BODY = YES;
				CLANG_WARN_ENUM_CONVERSION = YES;
				CLANG_WARN_INFINITE_RECURSION = YES;
				CLANG_WARN_INT_CONVERSION = YES;
				CLANG_WARN_OBJC_ROOT_CLASS = YES_ERROR;
				CLANG_WARN_SUSPICIOUS_MOVE = YES;
				CLANG_WARN_UNREACHABLE_CODE = YES;
				CLANG_WARN__DUPLICATE_METHOD_MATCH = YES;
				"CODE_SIGN_IDENTITY[sdk=iphoneos*]" = "iPhone Developer";
				COPY_PHASE_STRIP = NO;
				DEBUG_INFORMATION_FORMAT = dwarf;
				ENABLE_STRICT_OBJC_MSGSEND = YES;
				ENABLE_TESTABILITY = YES;
				GCC_C_LANGUAGE_STANDARD = gnu99;
				GCC_DYNAMIC_NO_PIC = NO;
				GCC_NO_COMMON_BLOCKS = YES;
				GCC_OPTIMIZATION_LEVEL = 0;
				GCC_PREPROCESSOR_DEFINITIONS = (
					"DEBUG=1",
					"$(inherited)",
				);
				GCC_WARN_64_TO_32_BIT_CONVERSION = YES;
				GCC_WARN_ABOUT_RETURN_TYPE = YES_ERROR;
				GCC_WARN_UNDECLARED_SELECTOR = YES;
				GCC_WARN_UNINITIALIZED_AUTOS = YES_AGGRESSIVE;
				GCC_WARN_UNUSED_FUNCTION = YES;
				GCC_WARN_UNUSED_VARIABLE = YES;
				IPHONEOS_DEPLOYMENT_TARGET = 10.3;
				MTL_ENABLE_DEBUG_INFO = YES;
				ONLY_ACTIVE_ARCH = YES;
				SDKROOT = iphoneos;
			};
			name = Debug;
		};
		BF93CEF11E8E99E400EE73F0 /* Release */ = {
			isa = XCBuildConfiguration;
			buildSettings = {
				ALWAYS_SEARCH_USER_PATHS = NO;
				CLANG_ANALYZER_NONNULL = YES;
				CLANG_ANALYZER_NUMBER_OBJECT_CONVERSION = YES_AGGRESSIVE;
				CLANG_CXX_LANGUAGE_STANDARD = "gnu++0x";
				CLANG_CXX_LIBRARY = "libc++";
				CLANG_ENABLE_MODULES = YES;
				CLANG_ENABLE_OBJC_ARC = YES;
				CLANG_WARN_BOOL_CONVERSION = YES;
				CLANG_WARN_CONSTANT_CONVERSION = YES;
				CLANG_WARN_DIRECT_OBJC_ISA_USAGE = YES_ERROR;
				CLANG_WARN_DOCUMENTATION_COMMENTS = YES;
				CLANG_WARN_EMPTY_BODY = YES;
				CLANG_WARN_ENUM_CONVERSION = YES;
				CLANG_WARN_INFINITE_RECURSION = YES;
				CLANG_WARN_INT_CONVERSION = YES;
				CLANG_WARN_OBJC_ROOT_CLASS = YES_ERROR;
				CLANG_WARN_SUSPICIOUS_MOVE = YES;
				CLANG_WARN_UNREACHABLE_CODE = YES;
				CLANG_WARN__DUPLICATE_METHOD_MATCH = YES;
				"CODE_SIGN_IDENTITY[sdk=iphoneos*]" = "iPhone Developer";
				COPY_PHASE_STRIP = NO;
				DEBUG_INFORMATION_FORMAT = "dwarf-with-dsym";
				ENABLE_NS_ASSERTIONS = NO;
				ENABLE_STRICT_OBJC_MSGSEND = YES;
				GCC_C_LANGUAGE_STANDARD = gnu99;
				GCC_NO_COMMON_BLOCKS = YES;
				GCC_WARN_64_TO_32_BIT_CONVERSION = YES;
				GCC_WARN_ABOUT_RETURN_TYPE = YES_ERROR;
				GCC_WARN_UNDECLARED_SELECTOR = YES;
				GCC_WARN_UNINITIALIZED_AUTOS = YES_AGGRESSIVE;
				GCC_WARN_UNUSED_FUNCTION = YES;
				GCC_WARN_UNUSED_VARIABLE = YES;
				IPHONEOS_DEPLOYMENT_TARGET = 10.3;
				MTL_ENABLE_DEBUG_INFO = NO;
				SDKROOT = iphoneos;
				VALIDATE_PRODUCT = YES;
			};
			name = Release;
		};
		BF93CEF31E8E99E400EE73F0 /* Debug */ = {
			isa = XCBuildConfiguration;
			baseConfigurationReference = 40D34D94B99A4219EF2F19E2 /* Pods-March_thirtyOne_Talk项目.debug.xcconfig */;
			buildSettings = {
				ASSETCATALOG_COMPILER_APPICON_NAME = AppIcon;
				ASSETCATALOG_COMPILER_LAUNCHIMAGE_NAME = LaunchImage;
				DEVELOPMENT_TEAM = E435LNP339;
				GCC_PRECOMPILE_PREFIX_HEADER = YES;
				GCC_PREFIX_HEADER = "March_thirtyOne_Talk项目/Other/NJURLAndPort.pch";
				INFOPLIST_FILE = "March_thirtyOne_Talk项目/Info.plist";
				IPHONEOS_DEPLOYMENT_TARGET = 8.0;
				LD_RUNPATH_SEARCH_PATHS = "$(inherited) @executable_path/Frameworks";
				PRODUCT_BUNDLE_IDENTIFIER = "com.cxz.March-thirtyOne-Talk--";
				PRODUCT_NAME = "$(TARGET_NAME)";
			};
			name = Debug;
		};
		BF93CEF41E8E99E400EE73F0 /* Release */ = {
			isa = XCBuildConfiguration;
			baseConfigurationReference = 6DF597C9E698A544766C2484 /* Pods-March_thirtyOne_Talk项目.release.xcconfig */;
			buildSettings = {
				ASSETCATALOG_COMPILER_APPICON_NAME = AppIcon;
				ASSETCATALOG_COMPILER_LAUNCHIMAGE_NAME = LaunchImage;
				DEVELOPMENT_TEAM = E435LNP339;
				GCC_PRECOMPILE_PREFIX_HEADER = YES;
				GCC_PREFIX_HEADER = "March_thirtyOne_Talk项目/Other/NJURLAndPort.pch";
				INFOPLIST_FILE = "March_thirtyOne_Talk项目/Info.plist";
				IPHONEOS_DEPLOYMENT_TARGET = 8.0;
				LD_RUNPATH_SEARCH_PATHS = "$(inherited) @executable_path/Frameworks";
				PRODUCT_BUNDLE_IDENTIFIER = "com.cxz.March-thirtyOne-Talk--";
				PRODUCT_NAME = "$(TARGET_NAME)";
			};
			name = Release;
		};
/* End XCBuildConfiguration section */

/* Begin XCConfigurationList section */
		BF93CED61E8E99E400EE73F0 /* Build configuration list for PBXProject "March_thirtyOne_Talk项目" */ = {
			isa = XCConfigurationList;
			buildConfigurations = (
				BF93CEF01E8E99E400EE73F0 /* Debug */,
				BF93CEF11E8E99E400EE73F0 /* Release */,
			);
			defaultConfigurationIsVisible = 0;
			defaultConfigurationName = Release;
		};
		BF93CEF21E8E99E400EE73F0 /* Build configuration list for PBXNativeTarget "March_thirtyOne_Talk项目" */ = {
			isa = XCConfigurationList;
			buildConfigurations = (
				BF93CEF31E8E99E400EE73F0 /* Debug */,
				BF93CEF41E8E99E400EE73F0 /* Release */,
			);
			defaultConfigurationIsVisible = 0;
			defaultConfigurationName = Release;
		};
/* End XCConfigurationList section */
	};
	rootObject = BF93CED31E8E99E400EE73F0 /* Project object */;
}
